{
  "requires": true,
  "lockfileVersion": 1,
  "dependencies": {
    "three": {
      "version": "0.125.1",
      "resolved": "https://registry.npmjs.org/three/-/three-0.125.1.tgz",
      "integrity": "sha512-7CbiSHZOc18ChhVZU8wQ2g9F2KHJqiG7+ND56/XMrJC2XZMmu+dZFeLFl380c5JwKZGHTOkBQzioZVkI7Jumhg=="
    },
    "three-trackballcontrols": {
      "version": "0.9.0",
      "resolved": "https://registry.npmjs.org/three-trackballcontrols/-/three-trackballcontrols-0.9.0.tgz",
      "integrity": "sha512-Z6HmIJnP70r5uONvcPCdLEF0SsG1kbGzNb7qQYj3c7b6v2E3XTlbNpZsgTjt36oKm0Z2tU11D6EbW4i8KIHuqA=="
    },
    "webgl-obj-loader": {
      "version": "2.0.8",
      "resolved": "https://registry.npmjs.org/webgl-obj-loader/-/webgl-obj-loader-2.0.8.tgz",
      "integrity": "sha512-5QoPMU437sJ5k/x9Z4ZJt/V0vQD7gNsPv38EwAhUbm9L85VPWK6RN88aI1KlbBGz8cj3OCkcLqqQcahZTy78QQ=="
    }
  }
}
